Microsoft Visual Studio Solution File, Format Version 12.00
# Visual Studio 15
VisualStudioVersion = 15.0.27130.2027
MinimumVisualStudioVersion = 10.0.40219.1
Project("{8BC9CEB8-8B4A-11D0-8D11-00A0C91BC942}") = "calcbits", "calcbits\calcbits.vcxproj", "{BE1FF06D-6319-4357-88C8-87432BD79485}"
EndProject
Project("{8BC9CEB8-8B4A-11D0-8D11-00A0C91BC942}") = "rotatebyte", "rotatebyte\rotatebyte.vcxproj", "{0F0D3671-BB9E-4DCF-9667-8A83A747D8BF}"
EndProject
Project("{8BC9CEB8-8B4A-11D0-8D11-00A0C91BC942}") = "radix", "radix\radix.vcxproj", "{81C0E3ED-7571-4475-BC56-36FE4F7930F0}"
EndProject
Global
	GlobalSection(SolutionConfigurationPlatforms) = preSolution
		Debug|x64 = Debug|x64
		Debug|x86 = Debug|x86
		Release|x64 = Release|x64
		Release|x86 = Release|x86
	EndGlobalSection
	GlobalSection(ProjectConfigurationPlatforms) = postSolution
		{BE1FF06D-6319-4357-88C8-87432BD79485}.Debug|x64.ActiveCfg = Debug|x64
		{BE1FF06D-6319-4357-88C8-87432BD79485}.Debug|x64.Build.0 = Debug|x64
		{BE1FF06D-6319-4357-88C8-87432BD79485}.Debug|x86.ActiveCfg = Debug|Win32
		{BE1FF06D-6319-4357-88C8-87432BD79485}.Debug|x86.Build.0 = Debug|Win32
		{BE1FF06D-6319-4357-88C8-87432BD79485}.Release|x64.ActiveCfg = Release|x64
		{BE1FF06D-6319-4357-88C8-87432BD79485}.Release|x64.Build.0 = Release|x64
		{BE1FF06D-6319-4357-88C8-87432BD79485}.Release|x86.ActiveCfg = Release|Win32
		{BE1FF06D-6319-4357-88C8-87432BD79485}.Release|x86.Build.0 = Release|Win32
		{0F0D3671-BB9E-4DCF-9667-8A83A747D8BF}.Debug|x64.ActiveCfg = Debug|x64
		{0F0D3671-BB9E-4DCF-9667-8A83A747D8BF}.Debug|x64.Build.0 = Debug|x64
		{0F0D3671-BB9E-4DCF-9667-8A83A747D8BF}.Debug|x86.ActiveCfg = Debug|Win32
		{0F0D3671-BB9E-4DCF-9667-8A83A747D8BF}.Debug|x86.Build.0 = Debug|Win32
		{0F0D3671-BB9E-4DCF-9667-8A83A747D8BF}.Release|x64.ActiveCfg = Release|x64
		{0F0D3671-BB9E-4DCF-9667-8A83A747D8BF}.Release|x64.Build.0 = Release|x64
		{0F0D3671-BB9E-4DCF-9667-8A83A747D8BF}.Release|x86.ActiveCfg = Release|Win32
		{0F0D3671-BB9E-4DCF-9667-8A83A747D8BF}.Release|x86.Build.0 = Release|Win32
		{81C0E3ED-7571-4475-BC56-36FE4F7930F0}.Debug|x64.ActiveCfg = Debug|x64
		{81C0E3ED-7571-4475-BC56-36FE4F7930F0}.Debug|x64.Build.0 = Debug|x64
		{81C0E3ED-7571-4475-BC56-36FE4F7930F0}.Debug|x86.ActiveCfg = Debug|Win32
		{81C0E3ED-7571-4475-BC56-36FE4F7930F0}.Debug|x86.Build.0 = Debug|Win32
		{81C0E3ED-7571-4475-BC56-36FE4F7930F0}.Release|x64.ActiveCfg = Release|x64
		{81C0E3ED-7571-4475-BC56-36FE4F7930F0}.Release|x64.Build.0 = Release|x64
		{81C0E3ED-7571-4475-BC56-36FE4F7930F0}.Release|x86.ActiveCfg = Release|Win32
		{81C0E3ED-7571-4475-BC56-36FE4F7930F0}.Release|x86.Build.0 = Release|Win32
	EndGlobalSection
	GlobalSection(SolutionProperties) = preSolution
		HideSolutionNode = FALSE
	EndGlobalSection
	GlobalSection(ExtensibilityGlobals) = postSolution
		SolutionGuid = {F1126FAA-CAED-43B7-8413-723656389E4F}
	EndGlobalSection
EndGlobal
