
Microsoft Visual Studio Solution File, Format Version 12.00
# Visual Studio 15
VisualStudioVersion = 15.0.27130.2027
MinimumVisualStudioVersion = 10.0.40219.1
Project("{8BC9CEB8-8B4A-11D0-8D11-00A0C91BC942}") = "rational", "rational\rational.vcxproj", "{352B978B-1C45-4045-8181-91BD5B3F5ED2}"
EndProject
Project("{8BC9CEB8-8B4A-11D0-8D11-00A0C91BC942}") = "rational_test", "rational_test\rational_test.vcxproj", "{94949D6D-04A7-48B1-BE4F-6C0505581F32}"
EndProject
Global
	GlobalSection(SolutionConfigurationPlatforms) = preSolution
		Debug|x64 = Debug|x64
		Debug|x86 = Debug|x86
		Release|x64 = Release|x64
		Release|x86 = Release|x86
	EndGlobalSection
	GlobalSection(ProjectConfigurationPlatforms) = postSolution
		{352B978B-1C45-4045-8181-91BD5B3F5ED2}.Debug|x64.ActiveCfg = Debug|x64
		{352B978B-1C45-4045-8181-91BD5B3F5ED2}.Debug|x64.Build.0 = Debug|x64
		{352B978B-1C45-4045-8181-91BD5B3F5ED2}.Debug|x86.ActiveCfg = Debug|Win32
		{352B978B-1C45-4045-8181-91BD5B3F5ED2}.Debug|x86.Build.0 = Debug|Win32
		{352B978B-1C45-4045-8181-91BD5B3F5ED2}.Release|x64.ActiveCfg = Release|x64
		{352B978B-1C45-4045-8181-91BD5B3F5ED2}.Release|x64.Build.0 = Release|x64
		{352B978B-1C45-4045-8181-91BD5B3F5ED2}.Release|x86.ActiveCfg = Release|Win32
		{352B978B-1C45-4045-8181-91BD5B3F5ED2}.Release|x86.Build.0 = Release|Win32
		{94949D6D-04A7-48B1-BE4F-6C0505581F32}.Debug|x64.ActiveCfg = Debug|x64
		{94949D6D-04A7-48B1-BE4F-6C0505581F32}.Debug|x64.Build.0 = Debug|x64
		{94949D6D-04A7-48B1-BE4F-6C0505581F32}.Debug|x86.ActiveCfg = Debug|Win32
		{94949D6D-04A7-48B1-BE4F-6C0505581F32}.Debug|x86.Build.0 = Debug|Win32
		{94949D6D-04A7-48B1-BE4F-6C0505581F32}.Release|x64.ActiveCfg = Release|x64
		{94949D6D-04A7-48B1-BE4F-6C0505581F32}.Release|x64.Build.0 = Release|x64
		{94949D6D-04A7-48B1-BE4F-6C0505581F32}.Release|x86.ActiveCfg = Release|Win32
		{94949D6D-04A7-48B1-BE4F-6C0505581F32}.Release|x86.Build.0 = Release|Win32
	EndGlobalSection
	GlobalSection(SolutionProperties) = preSolution
		HideSolutionNode = FALSE
	EndGlobalSection
	GlobalSection(ExtensibilityGlobals) = postSolution
		SolutionGuid = {7DEA94A0-58CA-4F92-B62B-F99C9986AB74}
	EndGlobalSection
EndGlobal
